<?xml version="1.0" encoding="utf-8"?>
<Project ToolsVersion="4.0" xmlns="http://schemas.microsoft.com/developer/msbuild/2003">
  <ItemGroup>
    <Filter Include="src">
      <UniqueIdentifier>{6adee191-fd8d-4ac2-8f33-7bc4955e6431}</UniqueIdentifier>
    </Filter>
    <Filter Include="src\core">
      <UniqueIdentifier>{be41d980-3651-4d10-89f8-03a9f1d79653}</UniqueIdentifier>
    </Filter>
    <Filter Include="src\utility">
      <UniqueIdentifier>{6a068973-368d-4ba8-a458-9fb587f3e346}</UniqueIdentifier>
    </Filter>
    <Filter Include="src\rendering">
      <UniqueIdentifier>{017be195-c643-4c17-b08d-c827e46204f9}</UniqueIdentifier>
    </Filter>
    <Filter Include="src\rendering\geometries">
      <UniqueIdentifier>{e4bc906c-6521-4f3c-8874-72be51b9b1fd}</UniqueIdentifier>
    </Filter>
    <Filter Include="src\rendering\pipeline">
      <UniqueIdentifier>{87940382-3fc5-4fe4-bdad-7b9e3f5b9989}</UniqueIdentifier>
    </Filter>
    <Filter Include="src\utility\math">
      <UniqueIdentifier>{51e8e4b7-3bb5-4f14-b427-7f17cc38c5dc}</UniqueIdentifier>
    </Filter>
    <Filter Include="src\components">
      <UniqueIdentifier>{953ec8d9-9216-4805-9bdc-3ca783a52720}</UniqueIdentifier>
    </Filter>
  </ItemGroup>
  <ItemGroup>
    <ClCompile Include="src\core\Keyboard.cpp">
      <Filter>src\core</Filter>
    </ClCompile>
    <ClCompile Include="src\core\Mouse.cpp">
      <Filter>src\core</Filter>
    </ClCompile>
    <ClCompile Include="src\core\Window.cpp">
      <Filter>src\core</Filter>
    </ClCompile>
    <ClCompile Include="src\core\Graphics.cpp">
      <Filter>src\core</Filter>
    </ClCompile>
    <ClCompile Include="src\rendering\Texture.cpp">
      <Filter>src\rendering</Filter>
    </ClCompile>
    <ClCompile Include="src\utility\Matrix.cpp">
      <Filter>src\utility\math</Filter>
    </ClCompile>
    <ClCompile Include="src\utility\Vector.cpp">
      <Filter>src\utility\math</Filter>
    </ClCompile>
    <ClCompile Include="src\rendering\Rasterizer.cpp">
      <Filter>src\rendering\pipeline</Filter>
    </ClCompile>
    <ClCompile Include="src\components\Camera.cpp">
      <Filter>src\components</Filter>
    </ClCompile>
    <ClCompile Include="src\components\Object.cpp">
      <Filter>src\components</Filter>
    </ClCompile>
    <ClCompile Include="src\rendering\Pipeline.cpp">
      <Filter>src\rendering\pipeline</Filter>
    </ClCompile>
    <ClCompile Include="src\rendering\DynamicConstant.cpp">
      <Filter>src\rendering</Filter>
    </ClCompile>
    <ClCompile Include="src\rendering\OutputMerger.cpp">
      <Filter>src\rendering\pipeline</Filter>
    </ClCompile>
    <ClCompile Include="src\rendering\ScreenTransformer.cpp">
      <Filter>src\rendering\pipeline</Filter>
    </ClCompile>
    <ClCompile Include="src\rendering\TriangleAssembler.cpp">
      <Filter>src\rendering\pipeline</Filter>
    </ClCompile>
  </ItemGroup>
  <ItemGroup>
    <ClInclude Include="src\core\Keyboard.h">
      <Filter>src\core</Filter>
    </ClInclude>
    <ClInclude Include="src\core\LightWindows.h">
      <Filter>src\core</Filter>
    </ClInclude>
    <ClInclude Include="src\core\Mouse.h">
      <Filter>src\core</Filter>
    </ClInclude>
    <ClInclude Include="src\core\Window.h">
      <Filter>src\core</Filter>
    </ClInclude>
    <ClInclude Include="src\core\Graphics.h">
      <Filter>src\core</Filter>
    </ClInclude>
    <ClInclude Include="src\utility\Timer.h">
      <Filter>src\utility</Filter>
    </ClInclude>
    <ClInclude Include="src\rendering\Texture.h">
      <Filter>src\rendering</Filter>
    </ClInclude>
    <ClInclude Include="src\rendering\Cube.h">
      <Filter>src\rendering\geometries</Filter>
    </ClInclude>
    <ClInclude Include="src\rendering\IndexedTriangleList.h">
      <Filter>src\rendering\geometries</Filter>
    </ClInclude>
    <ClInclude Include="src\rendering\Pipeline.h">
      <Filter>src\rendering\pipeline</Filter>
    </ClInclude>
    <ClInclude Include="src\utility\Matrix.h">
      <Filter>src\utility\math</Filter>
    </ClInclude>
    <ClInclude Include="src\utility\Vector.h">
      <Filter>src\utility\math</Filter>
    </ClInclude>
    <ClInclude Include="src\rendering\Rasterizer.h">
      <Filter>src\rendering\pipeline</Filter>
    </ClInclude>
    <ClInclude Include="src\components\Camera.h">
      <Filter>src\components</Filter>
    </ClInclude>
    <ClInclude Include="src\components\Object.h">
      <Filter>src\components</Filter>
    </ClInclude>
    <ClInclude Include="src\rendering\Context.h">
      <Filter>src\rendering\pipeline</Filter>
    </ClInclude>
    <ClInclude Include="src\rendering\DynamicConstant.h">
      <Filter>src\rendering</Filter>
    </ClInclude>
    <ClInclude Include="src\rendering\ScreenTransformer.h">
      <Filter>src\rendering\pipeline</Filter>
    </ClInclude>
    <ClInclude Include="src\rendering\VertexShader.h">
      <Filter>src\rendering\pipeline</Filter>
    </ClInclude>
    <ClInclude Include="src\rendering\TransformCBuf.h">
      <Filter>src\rendering\pipeline</Filter>
    </ClInclude>
    <ClInclude Include="src\rendering\OutputMerger.h">
      <Filter>src\rendering\pipeline</Filter>
    </ClInclude>
    <ClInclude Include="src\rendering\PixelShader.h">
      <Filter>src\rendering\pipeline</Filter>
    </ClInclude>
    <ClInclude Include="src\rendering\BaseShader.h">
      <Filter>src\rendering\pipeline</Filter>
    </ClInclude>
    <ClInclude Include="src\rendering\Vertex.h">
      <Filter>src\rendering</Filter>
    </ClInclude>
    <ClInclude Include="src\rendering\TriangleAssembler.h">
      <Filter>src\rendering\pipeline</Filter>
    </ClInclude>
    <ClInclude Include="src\utility\FPSCounter.h">
      <Filter>src\utility</Filter>
    </ClInclude>
    <ClInclude Include="src\utility\Pulsar.h">
      <Filter>src\utility</Filter>
    </ClInclude>
  </ItemGroup>
</Project>